
Microsoft Visual Studio Solution File, Format Version 12.00
# Visual Studio Version 17
VisualStudioVersion = 17.5.002.0
MinimumVisualStudioVersion = 10.0.40219.1
Project("{9A19103F-16F7-4668-BE54-9A1E7A4F7556}") = "aire-services", "aire-services.csproj", "{A3AD73BD-5768-43A1-98E7-A26E597D5827}"
EndProject
Project("{2150E333-8FDC-42A3-9474-1A3956D46DE8}") = "submodules", "submodules", "{5CE64E20-1D3C-4507-807E-A3946CAA8791}"
EndProject
Project("{2150E333-8FDC-42A3-9474-1A3956D46DE8}") = "aire-dotnet-sdk", "aire-dotnet-sdk", "{AC952602-AF08-4FDA-874D-EAF6CD6BF72B}"
EndProject
Project("{FAE04EC0-301F-11D3-BF4B-00C04F79EFBC}") = "Aire.Sdk.Helpers", "submodules\aire-dotnet-sdk\Aire.Sdk.Helpers\Aire.Sdk.Helpers.csproj", "{2DCB60F0-BF4A-4B17-82DB-C3221FB1257B}"
EndProject
Project("{FAE04EC0-301F-11D3-BF4B-00C04F79EFBC}") = "Aire.Sdk.Azure", "submodules\aire-dotnet-sdk\Aire.Sdk.Azure\Aire.Sdk.Azure.csproj", "{4963D1CF-FF85-47D7-A725-9CCF1239C501}"
EndProject
Project("{FAE04EC0-301F-11D3-BF4B-00C04F79EFBC}") = "Aire.Sdk.Auth", "submodules\aire-dotnet-sdk\Aire.Sdk.Auth\Aire.Sdk.Auth.csproj", "{B04AD958-9047-4BEB-879A-1E9DF9827477}"
EndProject
Global
	GlobalSection(SolutionConfigurationPlatforms) = preSolution
		Debug|Any CPU = Debug|Any CPU
		Release|Any CPU = Release|Any CPU
	EndGlobalSection
	GlobalSection(ProjectConfigurationPlatforms) = postSolution
		{A3AD73BD-5768-43A1-98E7-A26E597D5827}.Debug|Any CPU.ActiveCfg = Debug|Any CPU
		{A3AD73BD-5768-43A1-98E7-A26E597D5827}.Debug|Any CPU.Build.0 = Debug|Any CPU
		{A3AD73BD-5768-43A1-98E7-A26E597D5827}.Release|Any CPU.ActiveCfg = Release|Any CPU
		{A3AD73BD-5768-43A1-98E7-A26E597D5827}.Release|Any CPU.Build.0 = Release|Any CPU
		{2DCB60F0-BF4A-4B17-82DB-C3221FB1257B}.Debug|Any CPU.ActiveCfg = Debug|Any CPU
		{2DCB60F0-BF4A-4B17-82DB-C3221FB1257B}.Debug|Any CPU.Build.0 = Debug|Any CPU
		{2DCB60F0-BF4A-4B17-82DB-C3221FB1257B}.Release|Any CPU.ActiveCfg = Release|Any CPU
		{2DCB60F0-BF4A-4B17-82DB-C3221FB1257B}.Release|Any CPU.Build.0 = Release|Any CPU
		{4963D1CF-FF85-47D7-A725-9CCF1239C501}.Debug|Any CPU.ActiveCfg = Debug|Any CPU
		{4963D1CF-FF85-47D7-A725-9CCF1239C501}.Debug|Any CPU.Build.0 = Debug|Any CPU
		{4963D1CF-FF85-47D7-A725-9CCF1239C501}.Release|Any CPU.ActiveCfg = Release|Any CPU
		{4963D1CF-FF85-47D7-A725-9CCF1239C501}.Release|Any CPU.Build.0 = Release|Any CPU
		{B04AD958-9047-4BEB-879A-1E9DF9827477}.Debug|Any CPU.ActiveCfg = Debug|Any CPU
		{B04AD958-9047-4BEB-879A-1E9DF9827477}.Debug|Any CPU.Build.0 = Debug|Any CPU
		{B04AD958-9047-4BEB-879A-1E9DF9827477}.Release|Any CPU.ActiveCfg = Release|Any CPU
		{B04AD958-9047-4BEB-879A-1E9DF9827477}.Release|Any CPU.Build.0 = Release|Any CPU
	EndGlobalSection
	GlobalSection(SolutionProperties) = preSolution
		HideSolutionNode = FALSE
	EndGlobalSection
	GlobalSection(ExtensibilityGlobals) = postSolution
		SolutionGuid = {7F898611-42FC-46DE-AE07-05433D791FCB}
	EndGlobalSection
	GlobalSection(NestedProjects) = preSolution
		{AC952602-AF08-4FDA-874D-EAF6CD6BF72B} = {5CE64E20-1D3C-4507-807E-A3946CAA8791}
		{2DCB60F0-BF4A-4B17-82DB-C3221FB1257B} = {AC952602-AF08-4FDA-874D-EAF6CD6BF72B}
		{4963D1CF-FF85-47D7-A725-9CCF1239C501} = {AC952602-AF08-4FDA-874D-EAF6CD6BF72B}
		{B04AD958-9047-4BEB-879A-1E9DF9827477} = {AC952602-AF08-4FDA-874D-EAF6CD6BF72B}
	EndGlobalSection
EndGlobal
